{
	"name": "@dsbunny/rmm-schema",
	"version": "6.6.12",
	"lockfileVersion": 3,
	"requires": true,
	"packages": {
		"": {
			"name": "@dsbunny/rmm-schema",
			"version": "6.6.12",
			"license": "MIT",
			"dependencies": {
				"zod": "4.1.11"
			},
			"devDependencies": {
				"typescript": "^5.5.3"
			}
		},
		"node_modules/typescript": {
			"version": "5.8.3",
			"resolved": "https://registry.npmjs.org/typescript/-/typescript-5.8.3.tgz",
			"integrity": "sha512-p1diW6TqL9L07nNxvRMM7hMMw4c5XOo/1ibL4aAIGmSAt9slTE1Xgw5KWuof2uTOvCg9BY7ZRi+GaF+7sfgPeQ==",
			"dev": true,
			"license": "Apache-2.0",
			"bin": {
				"tsc": "bin/tsc",
				"tsserver": "bin/tsserver"
			},
			"engines": {
				"node": ">=14.17"
			}
		},
		"node_modules/zod": {
			"version": "4.1.11",
			"resolved": "https://registry.npmjs.org/zod/-/zod-4.1.11.tgz",
			"integrity": "sha512-WPsqwxITS2tzx1bzhIKsEs19ABD5vmCVa4xBo2tq/SrV4RNZtfws1EnCWQXM6yh8bD08a1idvkB5MZSBiZsjwg==",
			"license": "MIT",
			"funding": {
				"url": "https://github.com/sponsors/colinhacks"
			}
		}
	}
}
