{
	"name": "@dsbunny/rmm-schema",
	"version": "9.0.17",
	"lockfileVersion": 3,
	"requires": true,
	"packages": {
		"": {
			"name": "@dsbunny/rmm-schema",
			"version": "9.0.17",
			"license": "MIT",
			"devDependencies": {
				"@dsbunny/error-schema": "github:dsbunny/error-schema#86d038b",
				"@dsbunny/webhook-schema": "github:dsbunny/webhook-schema#de1d05d",
				"typescript": "^5.9.3",
				"zod": "^4.3.6"
			},
			"peerDependencies": {
				"@dsbunny/error-schema": "github:dsbunny/error-schema",
				"@dsbunny/webhook-schema": "github:dsbunny/webhook-schema",
				"zod": "^4.3.0"
			}
		},
		"node_modules/@dsbunny/error-schema": {
			"version": "2.0.1",
			"resolved": "git+ssh://git@github.com/dsbunny/error-schema.git#86d038bccaa4fab72dfaad344e8233bce465856b",
			"dev": true,
			"license": "MIT",
			"peerDependencies": {
				"zod": "^4.0.0"
			}
		},
		"node_modules/@dsbunny/webhook-schema": {
			"version": "2.0.1",
			"resolved": "git+ssh://git@github.com/dsbunny/webhook-schema.git#de1d05d1081980ce2621a7595b2a30276bc8295a",
			"dev": true,
			"license": "MIT",
			"peerDependencies": {
				"zod": "^4.0.0"
			}
		},
		"node_modules/typescript": {
			"version": "5.9.3",
			"resolved": "https://registry.npmjs.org/typescript/-/typescript-5.9.3.tgz",
			"integrity": "sha512-jl1vZzPDinLr9eUt3J/t7V6FgNEw9QjvBPdysz9KfQDD41fQrC2Y4vKQdiaUpFT4bXlb1RHhLpp8wtm6M5TgSw==",
			"dev": true,
			"license": "Apache-2.0",
			"bin": {
				"tsc": "bin/tsc",
				"tsserver": "bin/tsserver"
			},
			"engines": {
				"node": ">=14.17"
			}
		},
		"node_modules/zod": {
			"version": "4.6.5",
			"resolved": "https://registry.npmjs.org/zod/-/zod-4.6.5.tgz",
			"integrity": "sha512-v5l/aFXZQeai4awLbOpSoHecE9UiMrnfx75tEXLjNonXVARxQ5mOeipTjROUchszUNCqnE+hqAMujRsRHsut2Q==",
			"dev": true,
			"license": "MIT",
			"funding": {
				"url": "https://github.com/sponsors/colinhacks"
			}
		}
	}
}
