{
	"name": "@dsbunny/rmm-schema",
	"version": "8.0.16",
	"lockfileVersion": 3,
	"requires": true,
	"packages": {
		"": {
			"name": "@dsbunny/rmm-schema",
			"version": "8.0.16",
			"license": "MIT",
			"devDependencies": {
				"@dsbunny/error-schema": "github:dsbunny/error-schema#be4645d",
				"@dsbunny/webhook-schema": "github:dsbunny/webhook-schema#4178b06",
				"typescript": "^5.9.3",
				"zod": "^4.3.6"
			},
			"peerDependencies": {
				"@dsbunny/error-schema": "github:dsbunny/error-schema",
				"@dsbunny/webhook-schema": "github:dsbunny/webhook-schema",
				"zod": "^4.3.0"
			}
		},
		"node_modules/@dsbunny/error-schema": {
			"version": "1.0.0",
			"resolved": "git+ssh://git@github.com/dsbunny/error-schema.git#be4645da564186ef6338be0d79500544d4b9d7e4",
			"dev": true,
			"license": "MIT",
			"peerDependencies": {
				"zod": "^4.0.0"
			}
		},
		"node_modules/@dsbunny/webhook-schema": {
			"version": "1.0.0",
			"resolved": "git+ssh://git@github.com/dsbunny/webhook-schema.git#4178b06e4bcdadb15a17c383db592a6183866849",
			"dev": true,
			"license": "MIT",
			"peerDependencies": {
				"zod": "^4.0.0"
			}
		},
		"node_modules/typescript": {
			"version": "5.9.3",
			"resolved": "https://registry.npmjs.org/typescript/-/typescript-5.9.3.tgz",
			"integrity": "sha512-jl1vZzPDinLr9eUt3J/t7V6FgNEw9QjvBPdysz9KfQDD41fQrC2Y4vKQdiaUpFT4bXlb1RHhLpp8wtm6M5TgSw==",
			"dev": true,
			"license": "Apache-2.0",
			"bin": {
				"tsc": "bin/tsc",
				"tsserver": "bin/tsserver"
			},
			"engines": {
				"node": ">=14.17"
			}
		},
		"node_modules/zod": {
			"version": "4.3.6",
			"resolved": "https://registry.npmjs.org/zod/-/zod-4.3.6.tgz",
			"integrity": "sha512-rftlrkhHZOcjDwkGlnUtZZkvaPHCsDATp4pGpuOOMDaTdDDXF91wuVDJoWoPsKX/3YPQ5fHuF3STjcYyKr+Qhg==",
			"dev": true,
			"license": "MIT",
			"peer": true,
			"funding": {
				"url": "https://github.com/sponsors/colinhacks"
			}
		}
	}
}
